<?xml version="1.0" encoding="utf-8"?>
<Project ToolsVersion="4.0" xmlns="http://schemas.microsoft.com/developer/msbuild/2003">
  <ItemGroup>
    <Filter Include="src">
      <UniqueIdentifier>{18469203-6EE0-6A47-95C0-2AB9BBFB6197}</UniqueIdentifier>
    </Filter>
    <Filter Include="include">
      <UniqueIdentifier>{3AAF06AB-5F03-A44E-AA99-9DF1F26D441E}</UniqueIdentifier>
    </Filter>
    <Filter Include="include\GarrysMod">
      <UniqueIdentifier>{4055E54D-3AFE-EC41-9939-CF0F5F240AC9}</UniqueIdentifier>
    </Filter>
    <Filter Include="include\GarrysMod\Lua">
      <UniqueIdentifier>{67004BBD-9974-6048-9965-CACCDCA09B44}</UniqueIdentifier>
    </Filter>
  </ItemGroup>
  <ItemGroup>
    <ClInclude Include="..\..\include\GarrysMod\Lua\Interface.h">
      <Filter>include\GarrysMod\Lua</Filter>
    </ClInclude>
    <ClInclude Include="..\..\include\GarrysMod\Lua\LuaBase.h">
      <Filter>include\GarrysMod\Lua</Filter>
    </ClInclude>
    <ClInclude Include="..\..\include\GarrysMod\Lua\Types.h">
      <Filter>include\GarrysMod\Lua</Filter>
    </ClInclude>
    <ClInclude Include="..\..\include\GarrysMod\Lua\UserData.h">
      <Filter>include\GarrysMod\Lua</Filter>
    </ClInclude>
  </ItemGroup>
  <ItemGroup>
    <ClCompile Include="..\src\gm_watchdog.cpp">
      <Filter>src</Filter>
    </ClCompile>
  </ItemGroup>
</Project>
